<?xml version="1.0" encoding="utf-8"?>
<Project ToolsVersion="4.0" xmlns="http://schemas.microsoft.com/developer/msbuild/2003">
  <ItemGroup>
    <Filter Include="리소스 파일">
      <UniqueIdentifier>{67DA6AB6-F800-4c08-8B7A-83BB121AAD01}</UniqueIdentifier>
      <Extensions>rc;ico;cur;bmp;dlg;rc2;rct;bin;rgs;gif;jpg;jpeg;jpe;resx;tiff;tif;png;wav;mfcribbon-ms</Extensions>
    </Filter>
    <Filter Include="Sources">
      <UniqueIdentifier>{8a3e9f89-afa9-4ca3-a887-c5e666223d71}</UniqueIdentifier>
    </Filter>
  </ItemGroup>
  <ItemGroup>
    <ResourceCompile Include="SimpleSR.rc">
      <Filter>리소스 파일</Filter>
    </ResourceCompile>
  </ItemGroup>
  <ItemGroup>
    <Image Include="small.ico">
      <Filter>리소스 파일</Filter>
    </Image>
    <Image Include="SimpleSR.ico">
      <Filter>리소스 파일</Filter>
    </Image>
  </ItemGroup>
  <ItemGroup>
    <ClCompile Include="Sources\BaseObject.cpp">
      <Filter>Sources</Filter>
    </ClCompile>
    <ClCompile Include="Sources\Framework.cpp">
      <Filter>Sources</Filter>
    </ClCompile>
    <ClCompile Include="Sources\SimpleSR.cpp">
      <Filter>Sources</Filter>
    </ClCompile>
    <ClCompile Include="Sources\stdafx.cpp">
      <Filter>Sources</Filter>
    </ClCompile>
  </ItemGroup>
  <ItemGroup>
    <ClInclude Include="Sources\BaseObject.h">
      <Filter>Sources</Filter>
    </ClInclude>
    <ClInclude Include="Sources\Define.h">
      <Filter>Sources</Filter>
    </ClInclude>
    <ClInclude Include="Sources\Framework.h">
      <Filter>Sources</Filter>
    </ClInclude>
    <ClInclude Include="Sources\Matrix.h">
      <Filter>Sources</Filter>
    </ClInclude>
    <ClInclude Include="Sources\Resource.h">
      <Filter>Sources</Filter>
    </ClInclude>
    <ClInclude Include="Sources\SimpleSR.h">
      <Filter>Sources</Filter>
    </ClInclude>
    <ClInclude Include="Sources\stdafx.h">
      <Filter>Sources</Filter>
    </ClInclude>
    <ClInclude Include="Sources\targetver.h">
      <Filter>Sources</Filter>
    </ClInclude>
    <ClInclude Include="Sources\Vector3.h">
      <Filter>Sources</Filter>
    </ClInclude>
  </ItemGroup>
</Project>